// !$*UTF8*$!
{
	archiveVersion = 1;
	classes = {
	};
	objectVersion = 56;
	objects = {

/* Begin PBXBuildFile section */
		E992077E2997A106001168C7 /* AppDelegate.swift in Sources */ = {isa = PBXBuildFile; fileRef = E992077D2997A106001168C7 /* AppDelegate.swift */; };
		E99207802997A106001168C7 /* SceneDelegate.swift in Sources */ = {isa = PBXBuildFile; fileRef = E992077F2997A106001168C7 /* SceneDelegate.swift */; };
		E99207822997A106001168C7 /* ViewController.swift in Sources */ = {isa = PBXBuildFile; fileRef = E99207812997A106001168C7 /* ViewController.swift */; };
		E99207852997A106001168C7 /* Main.storyboard in Resources */ = {isa = PBXBuildFile; fileRef = E99207832997A106001168C7 /* Main.storyboard */; };
		E99207872997A107001168C7 /* Assets.xcassets in Resources */ = {isa = PBXBuildFile; fileRef = E99207862997A107001168C7 /* Assets.xcassets */; };
		E992078A2997A107001168C7 /* LaunchScreen.storyboard in Resources */ = {isa = PBXBuildFile; fileRef = E99207882997A107001168C7 /* LaunchScreen.storyboard */; };
		E99207A62997A15F001168C7 /* GenesisCompositionalLayoutTemplateTests.swift in Sources */ = {isa = PBXBuildFile; fileRef = E99207A52997A15F001168C7 /* GenesisCompositionalLayoutTemplateTests.swift */; };
		E99207B62997A171001168C7 /* ExampleModulePresenterTest.swift in Sources */ = {isa = PBXBuildFile; fileRef = E99207AF2997A171001168C7 /* ExampleModulePresenterTest.swift */; };
		E99207B72997A171001168C7 /* ExampleModuleViewTest.swift in Sources */ = {isa = PBXBuildFile; fileRef = E99207B12997A171001168C7 /* ExampleModuleViewTest.swift */; };
		E99207B82997A171001168C7 /* ExampleModuleInteractorTest.swift in Sources */ = {isa = PBXBuildFile; fileRef = E99207B32997A171001168C7 /* ExampleModuleInteractorTest.swift */; };
		E99207B92997A171001168C7 /* ExampleModuleRouterTest.swift in Sources */ = {isa = PBXBuildFile; fileRef = E99207B52997A171001168C7 /* ExampleModuleRouterTest.swift */; };
		E99207D22997A1B1001168C7 /* ExampleModulePresenter.swift in Sources */ = {isa = PBXBuildFile; fileRef = E99207CB2997A1B1001168C7 /* ExampleModulePresenter.swift */; };
		E99207D32997A1B1001168C7 /* ExampleModuleViewController.swift in Sources */ = {isa = PBXBuildFile; fileRef = E99207CD2997A1B1001168C7 /* ExampleModuleViewController.swift */; };
		E99207D42997A1B1001168C7 /* ExampleModuleInteractor.swift in Sources */ = {isa = PBXBuildFile; fileRef = E99207CF2997A1B1001168C7 /* ExampleModuleInteractor.swift */; };
		E99207D52997A1B1001168C7 /* ExampleModuleRouter.swift in Sources */ = {isa = PBXBuildFile; fileRef = E99207D12997A1B1001168C7 /* ExampleModuleRouter.swift */; };
		E99207D82997A20D001168C7 /* CompositionalLayoutViewController in Frameworks */ = {isa = PBXBuildFile; productRef = E99207D72997A20D001168C7 /* CompositionalLayoutViewController */; };
		E99207DB2997A223001168C7 /* CompositionalLayoutViewControllerExtension in Frameworks */ = {isa = PBXBuildFile; productRef = E99207DA2997A223001168C7 /* CompositionalLayoutViewControllerExtension */; };
		E99207DE2997A467001168C7 /* ExampleSection.swift in Sources */ = {isa = PBXBuildFile; fileRef = E99207DD2997A467001168C7 /* ExampleSection.swift */; };
/* End PBXBuildFile section */

/* Begin PBXContainerItemProxy section */
		E99207A72997A15F001168C7 /* PBXContainerItemProxy */ = {
			isa = PBXContainerItemProxy;
			containerPortal = E99207722997A106001168C7 /* Project object */;
			proxyType = 1;
			remoteGlobalIDString = E99207792997A106001168C7;
			remoteInfo = GenesisCompositionalLayoutTemplate;
		};
/* End PBXContainerItemProxy section */

/* Begin PBXFileReference section */
		E992077A2997A106001168C7 /* GenesisCompositionalLayoutTemplate.app */ = {isa = PBXFileReference; explicitFileType = wrapper.application; includeInIndex = 0; path = GenesisCompositionalLayoutTemplate.app; sourceTree = BUILT_PRODUCTS_DIR; };
		E992077D2997A106001168C7 /* AppDelegate.swift */ = {isa = PBXFileReference; lastKnownFileType = sourcecode.swift; path = AppDelegate.swift; sourceTree = "<group>"; };
		E992077F2997A106001168C7 /* SceneDelegate.swift */ = {isa = PBXFileReference; lastKnownFileType = sourcecode.swift; path = SceneDelegate.swift; sourceTree = "<group>"; };
		E99207812997A106001168C7 /* ViewController.swift */ = {isa = PBXFileReference; lastKnownFileType = sourcecode.swift; path = ViewController.swift; sourceTree = "<group>"; };
		E99207842997A106001168C7 /* Base */ = {isa = PBXFileReference; lastKnownFileType = file.storyboard; name = Base; path = Base.lproj/Main.storyboard; sourceTree = "<group>"; };
		E99207862997A107001168C7 /* Assets.xcassets */ = {isa = PBXFileReference; lastKnownFileType = folder.assetcatalog; path = Assets.xcassets; sourceTree = "<group>"; };
		E99207892997A107001168C7 /* Base */ = {isa = PBXFileReference; lastKnownFileType = file.storyboard; name = Base; path = Base.lproj/LaunchScreen.storyboard; sourceTree = "<group>"; };
		E992078B2997A107001168C7 /* Info.plist */ = {isa = PBXFileReference; lastKnownFileType = text.plist.xml; path = Info.plist; sourceTree = "<group>"; };
		E99207A32997A15F001168C7 /* GenesisCompositionalLayoutTemplateTests.xctest */ = {isa = PBXFileReference; explicitFileType = wrapper.cfbundle; includeInIndex = 0; path = GenesisCompositionalLayoutTemplateTests.xctest; sourceTree = BUILT_PRODUCTS_DIR; };
		E99207A52997A15F001168C7 /* GenesisCompositionalLayoutTemplateTests.swift */ = {isa = PBXFileReference; lastKnownFileType = sourcecode.swift; path = GenesisCompositionalLayoutTemplateTests.swift; sourceTree = "<group>"; };
		E99207AF2997A171001168C7 /* ExampleModulePresenterTest.swift */ = {isa = PBXFileReference; fileEncoding = 4; lastKnownFileType = sourcecode.swift; path = ExampleModulePresenterTest.swift; sourceTree = "<group>"; };
		E99207B12997A171001168C7 /* ExampleModuleViewTest.swift */ = {isa = PBXFileReference; fileEncoding = 4; lastKnownFileType = sourcecode.swift; path = ExampleModuleViewTest.swift; sourceTree = "<group>"; };
		E99207B32997A171001168C7 /* ExampleModuleInteractorTest.swift */ = {isa = PBXFileReference; fileEncoding = 4; lastKnownFileType = sourcecode.swift; path = ExampleModuleInteractorTest.swift; sourceTree = "<group>"; };
		E99207B52997A171001168C7 /* ExampleModuleRouterTest.swift */ = {isa = PBXFileReference; fileEncoding = 4; lastKnownFileType = sourcecode.swift; path = ExampleModuleRouterTest.swift; sourceTree = "<group>"; };
		E99207CB2997A1B1001168C7 /* ExampleModulePresenter.swift */ = {isa = PBXFileReference; fileEncoding = 4; lastKnownFileType = sourcecode.swift; path = ExampleModulePresenter.swift; sourceTree = "<group>"; };
		E99207CD2997A1B1001168C7 /* ExampleModuleViewController.swift */ = {isa = PBXFileReference; fileEncoding = 4; lastKnownFileType = sourcecode.swift; path = ExampleModuleViewController.swift; sourceTree = "<group>"; };
		E99207CF2997A1B1001168C7 /* ExampleModuleInteractor.swift */ = {isa = PBXFileReference; fileEncoding = 4; lastKnownFileType = sourcecode.swift; path = ExampleModuleInteractor.swift; sourceTree = "<group>"; };
		E99207D12997A1B1001168C7 /* ExampleModuleRouter.swift */ = {isa = PBXFileReference; fileEncoding = 4; lastKnownFileType = sourcecode.swift; path = ExampleModuleRouter.swift; sourceTree = "<group>"; };
		E99207DD2997A467001168C7 /* ExampleSection.swift */ = {isa = PBXFileReference; lastKnownFileType = sourcecode.swift; path = ExampleSection.swift; sourceTree = "<group>"; };
/* End PBXFileReference section */

/* Begin PBXFrameworksBuildPhase section */
		E99207772997A106001168C7 /* Frameworks */ = {
			isa = PBXFrameworksBuildPhase;
			buildActionMask = 2147483647;
			files = (
				E99207D82997A20D001168C7 /* CompositionalLayoutViewController in Frameworks */,
				E99207DB2997A223001168C7 /* CompositionalLayoutViewControllerExtension in Frameworks */,
			);
			runOnlyForDeploymentPostprocessing = 0;
		};
		E99207A02997A15F001168C7 /* Frameworks */ = {
			isa = PBXFrameworksBuildPhase;
			buildActionMask = 2147483647;
			files = (
			);
			runOnlyForDeploymentPostprocessing = 0;
		};
/* End PBXFrameworksBuildPhase section */

/* Begin PBXGroup section */
		E99207712997A106001168C7 = {
			isa = PBXGroup;
			children = (
				E992077C2997A106001168C7 /* GenesisCompositionalLayoutTemplate */,
				E99207A42997A15F001168C7 /* GenesisCompositionalLayoutTemplateTests */,
				E992077B2997A106001168C7 /* Products */,
			);
			sourceTree = "<group>";
		};
		E992077B2997A106001168C7 /* Products */ = {
			isa = PBXGroup;
			children = (
				E992077A2997A106001168C7 /* GenesisCompositionalLayoutTemplate.app */,
				E99207A32997A15F001168C7 /* GenesisCompositionalLayoutTemplateTests.xctest */,
			);
			name = Products;
			sourceTree = "<group>";
		};
		E992077C2997A106001168C7 /* GenesisCompositionalLayoutTemplate */ = {
			isa = PBXGroup;
			children = (
				E99207DC2997A45E001168C7 /* ViewModel */,
				E99207C82997A1B1001168C7 /* Module */,
				E992077D2997A106001168C7 /* AppDelegate.swift */,
				E992077F2997A106001168C7 /* SceneDelegate.swift */,
				E99207812997A106001168C7 /* ViewController.swift */,
				E99207832997A106001168C7 /* Main.storyboard */,
				E99207862997A107001168C7 /* Assets.xcassets */,
				E99207882997A107001168C7 /* LaunchScreen.storyboard */,
				E992078B2997A107001168C7 /* Info.plist */,
			);
			path = GenesisCompositionalLayoutTemplate;
			sourceTree = "<group>";
		};
		E99207A42997A15F001168C7 /* GenesisCompositionalLayoutTemplateTests */ = {
			isa = PBXGroup;
			children = (
				E99207AC2997A171001168C7 /* Module */,
				E99207A52997A15F001168C7 /* GenesisCompositionalLayoutTemplateTests.swift */,
			);
			path = GenesisCompositionalLayoutTemplateTests;
			sourceTree = "<group>";
		};
		E99207AC2997A171001168C7 /* Module */ = {
			isa = PBXGroup;
			children = (
				E99207AD2997A171001168C7 /* ExampleModule */,
			);
			path = Module;
			sourceTree = "<group>";
		};
		E99207AD2997A171001168C7 /* ExampleModule */ = {
			isa = PBXGroup;
			children = (
				E99207AE2997A171001168C7 /* Presenter */,
				E99207B02997A171001168C7 /* View */,
				E99207B22997A171001168C7 /* Interactor */,
				E99207B42997A171001168C7 /* Router */,
			);
			path = ExampleModule;
			sourceTree = "<group>";
		};
		E99207AE2997A171001168C7 /* Presenter */ = {
			isa = PBXGroup;
			children = (
				E99207AF2997A171001168C7 /* ExampleModulePresenterTest.swift */,
			);
			path = Presenter;
			sourceTree = "<group>";
		};
		E99207B02997A171001168C7 /* View */ = {
			isa = PBXGroup;
			children = (
				E99207B12997A171001168C7 /* ExampleModuleViewTest.swift */,
			);
			path = View;
			sourceTree = "<group>";
		};
		E99207B22997A171001168C7 /* Interactor */ = {
			isa = PBXGroup;
			children = (
				E99207B32997A171001168C7 /* ExampleModuleInteractorTest.swift */,
			);
			path = Interactor;
			sourceTree = "<group>";
		};
		E99207B42997A171001168C7 /* Router */ = {
			isa = PBXGroup;
			children = (
				E99207B52997A171001168C7 /* ExampleModuleRouterTest.swift */,
			);
			path = Router;
			sourceTree = "<group>";
		};
		E99207C82997A1B1001168C7 /* Module */ = {
			isa = PBXGroup;
			children = (
				E99207C92997A1B1001168C7 /* ExampleModule */,
			);
			path = Module;
			sourceTree = "<group>";
		};
		E99207C92997A1B1001168C7 /* ExampleModule */ = {
			isa = PBXGroup;
			children = (
				E99207CA2997A1B1001168C7 /* Presenter */,
				E99207CC2997A1B1001168C7 /* View */,
				E99207CE2997A1B1001168C7 /* Interactor */,
				E99207D02997A1B1001168C7 /* Router */,
			);
			path = ExampleModule;
			sourceTree = "<group>";
		};
		E99207CA2997A1B1001168C7 /* Presenter */ = {
			isa = PBXGroup;
			children = (
				E99207CB2997A1B1001168C7 /* ExampleModulePresenter.swift */,
			);
			path = Presenter;
			sourceTree = "<group>";
		};
		E99207CC2997A1B1001168C7 /* View */ = {
			isa = PBXGroup;
			children = (
				E99207CD2997A1B1001168C7 /* ExampleModuleViewController.swift */,
			);
			path = View;
			sourceTree = "<group>";
		};
		E99207CE2997A1B1001168C7 /* Interactor */ = {
			isa = PBXGroup;
			children = (
				E99207CF2997A1B1001168C7 /* ExampleModuleInteractor.swift */,
			);
			path = Interactor;
			sourceTree = "<group>";
		};
		E99207D02997A1B1001168C7 /* Router */ = {
			isa = PBXGroup;
			children = (
				E99207D12997A1B1001168C7 /* ExampleModuleRouter.swift */,
			);
			path = Router;
			sourceTree = "<group>";
		};
		E99207DC2997A45E001168C7 /* ViewModel */ = {
			isa = PBXGroup;
			children = (
				E99207DD2997A467001168C7 /* ExampleSection.swift */,
			);
			path = ViewModel;
			sourceTree = "<group>";
		};
/* End PBXGroup section */

/* Begin PBXNativeTarget section */
		E99207792997A106001168C7 /* GenesisCompositionalLayoutTemplate */ = {
			isa = PBXNativeTarget;
			buildConfigurationList = E992078E2997A107001168C7 /* Build configuration list for PBXNativeTarget "GenesisCompositionalLayoutTemplate" */;
			buildPhases = (
				E99207762997A106001168C7 /* Sources */,
				E99207772997A106001168C7 /* Frameworks */,
				E99207782997A106001168C7 /* Resources */,
			);
			buildRules = (
			);
			dependencies = (
			);
			name = GenesisCompositionalLayoutTemplate;
			packageProductDependencies = (
				E99207D72997A20D001168C7 /* CompositionalLayoutViewController */,
				E99207DA2997A223001168C7 /* CompositionalLayoutViewControllerExtension */,
			);
			productName = GenesisCompositionalLayoutTemplate;
			productReference = E992077A2997A106001168C7 /* GenesisCompositionalLayoutTemplate.app */;
			productType = "com.apple.product-type.application";
		};
		E99207A22997A15F001168C7 /* GenesisCompositionalLayoutTemplateTests */ = {
			isa = PBXNativeTarget;
			buildConfigurationList = E99207A92997A15F001168C7 /* Build configuration list for PBXNativeTarget "GenesisCompositionalLayoutTemplateTests" */;
			buildPhases = (
				E992079F2997A15F001168C7 /* Sources */,
				E99207A02997A15F001168C7 /* Frameworks */,
				E99207A12997A15F001168C7 /* Resources */,
			);
			buildRules = (
			);
			dependencies = (
				E99207A82997A15F001168C7 /* PBXTargetDependency */,
			);
			name = GenesisCompositionalLayoutTemplateTests;
			productName = GenesisCompositionalLayoutTemplateTests;
			productReference = E99207A32997A15F001168C7 /* GenesisCompositionalLayoutTemplateTests.xctest */;
			productType = "com.apple.product-type.bundle.unit-test";
		};
/* End PBXNativeTarget section */

/* Begin PBXProject section */
		E99207722997A106001168C7 /* Project object */ = {
			isa = PBXProject;
			attributes = {
				BuildIndependentTargetsInParallel = 1;
				LastSwiftUpdateCheck = 1420;
				LastUpgradeCheck = 1420;
				TargetAttributes = {
					E99207792997A106001168C7 = {
						CreatedOnToolsVersion = 14.2;
					};
					E99207A22997A15F001168C7 = {
						CreatedOnToolsVersion = 14.2;
						TestTargetID = E99207792997A106001168C7;
					};
				};
			};
			buildConfigurationList = E99207752997A106001168C7 /* Build configuration list for PBXProject "GenesisCompositionalLayoutTemplate" */;
			compatibilityVersion = "Xcode 14.0";
			developmentRegion = en;
			hasScannedForEncodings = 0;
			knownRegions = (
				en,
				Base,
			);
			mainGroup = E99207712997A106001168C7;
			packageReferences = (
				E99207D62997A20D001168C7 /* XCRemoteSwiftPackageReference "CompositionalLayoutViewController" */,
				E99207D92997A223001168C7 /* XCRemoteSwiftPackageReference "CompositionalLayoutViewControllerExtension" */,
			);
			productRefGroup = E992077B2997A106001168C7 /* Products */;
			projectDirPath = "";
			projectRoot = "";
			targets = (
				E99207792997A106001168C7 /* GenesisCompositionalLayoutTemplate */,
				E99207A22997A15F001168C7 /* GenesisCompositionalLayoutTemplateTests */,
			);
		};
/* End PBXProject section */

/* Begin PBXResourcesBuildPhase section */
		E99207782997A106001168C7 /* Resources */ = {
			isa = PBXResourcesBuildPhase;
			buildActionMask = 2147483647;
			files = (
				E992078A2997A107001168C7 /* LaunchScreen.storyboard in Resources */,
				E99207872997A107001168C7 /* Assets.xcassets in Resources */,
				E99207852997A106001168C7 /* Main.storyboard in Resources */,
			);
			runOnlyForDeploymentPostprocessing = 0;
		};
		E99207A12997A15F001168C7 /* Resources */ = {
			isa = PBXResourcesBuildPhase;
			buildActionMask = 2147483647;
			files = (
			);
			runOnlyForDeploymentPostprocessing = 0;
		};
/* End PBXResourcesBuildPhase section */

/* Begin PBXSourcesBuildPhase section */
		E99207762997A106001168C7 /* Sources */ = {
			isa = PBXSourcesBuildPhase;
			buildActionMask = 2147483647;
			files = (
				E99207DE2997A467001168C7 /* ExampleSection.swift in Sources */,
				E99207D32997A1B1001168C7 /* ExampleModuleViewController.swift in Sources */,
				E99207D42997A1B1001168C7 /* ExampleModuleInteractor.swift in Sources */,
				E99207D52997A1B1001168C7 /* ExampleModuleRouter.swift in Sources */,
				E99207822997A106001168C7 /* ViewController.swift in Sources */,
				E99207D22997A1B1001168C7 /* ExampleModulePresenter.swift in Sources */,
				E992077E2997A106001168C7 /* AppDelegate.swift in Sources */,
				E99207802997A106001168C7 /* SceneDelegate.swift in Sources */,
			);
			runOnlyForDeploymentPostprocessing = 0;
		};
		E992079F2997A15F001168C7 /* Sources */ = {
			isa = PBXSourcesBuildPhase;
			buildActionMask = 2147483647;
			files = (
				E99207B62997A171001168C7 /* ExampleModulePresenterTest.swift in Sources */,
				E99207B72997A171001168C7 /* ExampleModuleViewTest.swift in Sources */,
				E99207A62997A15F001168C7 /* GenesisCompositionalLayoutTemplateTests.swift in Sources */,
				E99207B92997A171001168C7 /* ExampleModuleRouterTest.swift in Sources */,
				E99207B82997A171001168C7 /* ExampleModuleInteractorTest.swift in Sources */,
			);
			runOnlyForDeploymentPostprocessing = 0;
		};
/* End PBXSourcesBuildPhase section */

/* Begin PBXTargetDependency section */
		E99207A82997A15F001168C7 /* PBXTargetDependency */ = {
			isa = PBXTargetDependency;
			target = E99207792997A106001168C7 /* GenesisCompositionalLayoutTemplate */;
			targetProxy = E99207A72997A15F001168C7 /* PBXContainerItemProxy */;
		};
/* End PBXTargetDependency section */

/* Begin PBXVariantGroup section */
		E99207832997A106001168C7 /* Main.storyboard */ = {
			isa = PBXVariantGroup;
			children = (
				E99207842997A106001168C7 /* Base */,
			);
			name = Main.storyboard;
			sourceTree = "<group>";
		};
		E99207882997A107001168C7 /* LaunchScreen.storyboard */ = {
			isa = PBXVariantGroup;
			children = (
				E99207892997A107001168C7 /* Base */,
			);
			name = LaunchScreen.storyboard;
			sourceTree = "<group>";
		};
/* End PBXVariantGroup section */

/* Begin XCBuildConfiguration section */
		E992078C2997A107001168C7 /* Debug */ = {
			isa = XCBuildConfiguration;
			buildSettings = {
				ALWAYS_SEARCH_USER_PATHS = NO;
				CLANG_ANALYZER_NONNULL = YES;
				CLANG_ANALYZER_NUMBER_OBJECT_CONVERSION = YES_AGGRESSIVE;
				CLANG_CXX_LANGUAGE_STANDARD = "gnu++20";
				CLANG_ENABLE_MODULES = YES;
				CLANG_ENABLE_OBJC_ARC = YES;
				CLANG_ENABLE_OBJC_WEAK = YES;
				CLANG_WARN_BLOCK_CAPTURE_AUTORELEASING = YES;
				CLANG_WARN_BOOL_CONVERSION = YES;
				CLANG_WARN_COMMA = YES;
				CLANG_WARN_CONSTANT_CONVERSION = YES;
				CLANG_WARN_DEPRECATED_OBJC_IMPLEMENTATIONS = YES;
				CLANG_WARN_DIRECT_OBJC_ISA_USAGE = YES_ERROR;
				CLANG_WARN_DOCUMENTATION_COMMENTS = YES;
				CLANG_WARN_EMPTY_BODY = YES;
				CLANG_WARN_ENUM_CONVERSION = YES;
				CLANG_WARN_INFINITE_RECURSION = YES;
				CLANG_WARN_INT_CONVERSION = YES;
				CLANG_WARN_NON_LITERAL_NULL_CONVERSION = YES;
				CLANG_WARN_OBJC_IMPLICIT_RETAIN_SELF = YES;
				CLANG_WARN_OBJC_LITERAL_CONVERSION = YES;
				CLANG_WARN_OBJC_ROOT_CLASS = YES_ERROR;
				CLANG_WARN_QUOTED_INCLUDE_IN_FRAMEWORK_HEADER = YES;
				CLANG_WARN_RANGE_LOOP_ANALYSIS = YES;
				CLANG_WARN_STRICT_PROTOTYPES = YES;
				CLANG_WARN_SUSPICIOUS_MOVE = YES;
				CLANG_WARN_UNGUARDED_AVAILABILITY = YES_AGGRESSIVE;
				CLANG_WARN_UNREACHABLE_CODE = YES;
				CLANG_WARN__DUPLICATE_METHOD_MATCH = YES;
				COPY_PHASE_STRIP = NO;
				DEBUG_INFORMATION_FORMAT = dwarf;
				ENABLE_STRICT_OBJC_MSGSEND = YES;
				ENABLE_TESTABILITY = YES;
				GCC_C_LANGUAGE_STANDARD = gnu11;
				GCC_DYNAMIC_NO_PIC = NO;
				GCC_NO_COMMON_BLOCKS = YES;
				GCC_OPTIMIZATION_LEVEL = 0;
				GCC_PREPROCESSOR_DEFINITIONS = (
					"DEBUG=1",
					"$(inherited)",
				);
				GCC_WARN_64_TO_32_BIT_CONVERSION = YES;
				GCC_WARN_ABOUT_RETURN_TYPE = YES_ERROR;
				GCC_WARN_UNDECLARED_SELECTOR = YES;
				GCC_WARN_UNINITIALIZED_AUTOS = YES_AGGRESSIVE;
				GCC_WARN_UNUSED_FUNCTION = YES;
				GCC_WARN_UNUSED_VARIABLE = YES;
				IPHONEOS_DEPLOYMENT_TARGET = 16.2;
				MTL_ENABLE_DEBUG_INFO = INCLUDE_SOURCE;
				MTL_FAST_MATH = YES;
				ONLY_ACTIVE_ARCH = YES;
				SDKROOT = iphoneos;
				SWIFT_ACTIVE_COMPILATION_CONDITIONS = DEBUG;
				SWIFT_OPTIMIZATION_LEVEL = "-Onone";
			};
			name = Debug;
		};
		E992078D2997A107001168C7 /* Release */ = {
			isa = XCBuildConfiguration;
			buildSettings = {
				ALWAYS_SEARCH_USER_PATHS = NO;
				CLANG_ANALYZER_NONNULL = YES;
				CLANG_ANALYZER_NUMBER_OBJECT_CONVERSION = YES_AGGRESSIVE;
				CLANG_CXX_LANGUAGE_STANDARD = "gnu++20";
				CLANG_ENABLE_MODULES = YES;
				CLANG_ENABLE_OBJC_ARC = YES;
				CLANG_ENABLE_OBJC_WEAK = YES;
				CLANG_WARN_BLOCK_CAPTURE_AUTORELEASING = YES;
				CLANG_WARN_BOOL_CONVERSION = YES;
				CLANG_WARN_COMMA = YES;
				CLANG_WARN_CONSTANT_CONVERSION = YES;
				CLANG_WARN_DEPRECATED_OBJC_IMPLEMENTATIONS = YES;
				CLANG_WARN_DIRECT_OBJC_ISA_USAGE = YES_ERROR;
				CLANG_WARN_DOCUMENTATION_COMMENTS = YES;
				CLANG_WARN_EMPTY_BODY = YES;
				CLANG_WARN_ENUM_CONVERSION = YES;
				CLANG_WARN_INFINITE_RECURSION = YES;
				CLANG_WARN_INT_CONVERSION = YES;
				CLANG_WARN_NON_LITERAL_NULL_CONVERSION = YES;
				CLANG_WARN_OBJC_IMPLICIT_RETAIN_SELF = YES;
				CLANG_WARN_OBJC_LITERAL_CONVERSION = YES;
				CLANG_WARN_OBJC_ROOT_CLASS = YES_ERROR;
				CLANG_WARN_QUOTED_INCLUDE_IN_FRAMEWORK_HEADER = YES;
				CLANG_WARN_RANGE_LOOP_ANALYSIS = YES;
				CLANG_WARN_STRICT_PROTOTYPES = YES;
				CLANG_WARN_SUSPICIOUS_MOVE = YES;
				CLANG_WARN_UNGUARDED_AVAILABILITY = YES_AGGRESSIVE;
				CLANG_WARN_UNREACHABLE_CODE = YES;
				CLANG_WARN__DUPLICATE_METHOD_MATCH = YES;
				COPY_PHASE_STRIP = NO;
				DEBUG_INFORMATION_FORMAT = "dwarf-with-dsym";
				ENABLE_NS_ASSERTIONS = NO;
				ENABLE_STRICT_OBJC_MSGSEND = YES;
				GCC_C_LANGUAGE_STANDARD = gnu11;
				GCC_NO_COMMON_BLOCKS = YES;
				GCC_WARN_64_TO_32_BIT_CONVERSION = YES;
				GCC_WARN_ABOUT_RETURN_TYPE = YES_ERROR;
				GCC_WARN_UNDECLARED_SELECTOR = YES;
				GCC_WARN_UNINITIALIZED_AUTOS = YES_AGGRESSIVE;
				GCC_WARN_UNUSED_FUNCTION = YES;
				GCC_WARN_UNUSED_VARIABLE = YES;
				IPHONEOS_DEPLOYMENT_TARGET = 16.2;
				MTL_ENABLE_DEBUG_INFO = NO;
				MTL_FAST_MATH = YES;
				SDKROOT = iphoneos;
				SWIFT_COMPILATION_MODE = wholemodule;
				SWIFT_OPTIMIZATION_LEVEL = "-O";
				VALIDATE_PRODUCT = YES;
			};
			name = Release;
		};
		E992078F2997A107001168C7 /* Debug */ = {
			isa = XCBuildConfiguration;
			buildSettings = {
				ASSETCATALOG_COMPILER_APPICON_NAME = AppIcon;
				ASSETCATALOG_COMPILER_GLOBAL_ACCENT_COLOR_NAME = AccentColor;
				CODE_SIGN_STYLE = Automatic;
				CURRENT_PROJECT_VERSION = 1;
				DEVELOPMENT_TEAM = 3VC35JGS33;
				GENERATE_INFOPLIST_FILE = YES;
				INFOPLIST_FILE = GenesisCompositionalLayoutTemplate/Info.plist;
				INFOPLIST_KEY_UIApplicationSupportsIndirectInputEvents = YES;
				INFOPLIST_KEY_UILaunchStoryboardName = LaunchScreen;
				INFOPLIST_KEY_UIMainStoryboardFile = Main;
				INFOPLIST_KEY_UISupportedInterfaceOrientations_iPad = "UIInterfaceOrientationPortrait UIInterfaceOrientationPortraitUpsideDown UIInterfaceOrientationLandscapeLeft UIInterfaceOrientationLandscapeRight";
				INFOPLIST_KEY_UISupportedInterfaceOrientations_iPhone = "UIInterfaceOrientationPortrait UIInterfaceOrientationLandscapeLeft UIInterfaceOrientationLandscapeRight";
				LD_RUNPATH_SEARCH_PATHS = (
					"$(inherited)",
					"@executable_path/Frameworks",
				);
				MARKETING_VERSION = 1.0;
				PRODUCT_BUNDLE_IDENTIFIER = com.akira.matsuda.GenesisCompositionalLayoutTemplate;
				PRODUCT_NAME = "$(TARGET_NAME)";
				SWIFT_EMIT_LOC_STRINGS = YES;
				SWIFT_VERSION = 5.0;
				TARGETED_DEVICE_FAMILY = "1,2";
			};
			name = Debug;
		};
		E99207902997A107001168C7 /* Release */ = {
			isa = XCBuildConfiguration;
			buildSettings = {
				ASSETCATALOG_COMPILER_APPICON_NAME = AppIcon;
				ASSETCATALOG_COMPILER_GLOBAL_ACCENT_COLOR_NAME = AccentColor;
				CODE_SIGN_STYLE = Automatic;
				CURRENT_PROJECT_VERSION = 1;
				DEVELOPMENT_TEAM = 3VC35JGS33;
				GENERATE_INFOPLIST_FILE = YES;
				INFOPLIST_FILE = GenesisCompositionalLayoutTemplate/Info.plist;
				INFOPLIST_KEY_UIApplicationSupportsIndirectInputEvents = YES;
				INFOPLIST_KEY_UILaunchStoryboardName = LaunchScreen;
				INFOPLIST_KEY_UIMainStoryboardFile = Main;
				INFOPLIST_KEY_UISupportedInterfaceOrientations_iPad = "UIInterfaceOrientationPortrait UIInterfaceOrientationPortraitUpsideDown UIInterfaceOrientationLandscapeLeft UIInterfaceOrientationLandscapeRight";
				INFOPLIST_KEY_UISupportedInterfaceOrientations_iPhone = "UIInterfaceOrientationPortrait UIInterfaceOrientationLandscapeLeft UIInterfaceOrientationLandscapeRight";
				LD_RUNPATH_SEARCH_PATHS = (
					"$(inherited)",
					"@executable_path/Frameworks",
				);
				MARKETING_VERSION = 1.0;
				PRODUCT_BUNDLE_IDENTIFIER = com.akira.matsuda.GenesisCompositionalLayoutTemplate;
				PRODUCT_NAME = "$(TARGET_NAME)";
				SWIFT_EMIT_LOC_STRINGS = YES;
				SWIFT_VERSION = 5.0;
				TARGETED_DEVICE_FAMILY = "1,2";
			};
			name = Release;
		};
		E99207AA2997A15F001168C7 /* Debug */ = {
			isa = XCBuildConfiguration;
			buildSettings = {
				BUNDLE_LOADER = "$(TEST_HOST)";
				CODE_SIGN_STYLE = Automatic;
				CURRENT_PROJECT_VERSION = 1;
				DEVELOPMENT_TEAM = 3VC35JGS33;
				GENERATE_INFOPLIST_FILE = YES;
				MARKETING_VERSION = 1.0;
				PRODUCT_BUNDLE_IDENTIFIER = com.akira.matsuda.GenesisCompositionalLayoutTemplateTests;
				PRODUCT_NAME = "$(TARGET_NAME)";
				SWIFT_EMIT_LOC_STRINGS = NO;
				SWIFT_VERSION = 5.0;
				TARGETED_DEVICE_FAMILY = "1,2";
				TEST_HOST = "$(BUILT_PRODUCTS_DIR)/GenesisCompositionalLayoutTemplate.app/$(BUNDLE_EXECUTABLE_FOLDER_PATH)/GenesisCompositionalLayoutTemplate";
			};
			name = Debug;
		};
		E99207AB2997A15F001168C7 /* Release */ = {
			isa = XCBuildConfiguration;
			buildSettings = {
				BUNDLE_LOADER = "$(TEST_HOST)";
				CODE_SIGN_STYLE = Automatic;
				CURRENT_PROJECT_VERSION = 1;
				DEVELOPMENT_TEAM = 3VC35JGS33;
				GENERATE_INFOPLIST_FILE = YES;
				MARKETING_VERSION = 1.0;
				PRODUCT_BUNDLE_IDENTIFIER = com.akira.matsuda.GenesisCompositionalLayoutTemplateTests;
				PRODUCT_NAME = "$(TARGET_NAME)";
				SWIFT_EMIT_LOC_STRINGS = NO;
				SWIFT_VERSION = 5.0;
				TARGETED_DEVICE_FAMILY = "1,2";
				TEST_HOST = "$(BUILT_PRODUCTS_DIR)/GenesisCompositionalLayoutTemplate.app/$(BUNDLE_EXECUTABLE_FOLDER_PATH)/GenesisCompositionalLayoutTemplate";
			};
			name = Release;
		};
/* End XCBuildConfiguration section */

/* Begin XCConfigurationList section */
		E99207752997A106001168C7 /* Build configuration list for PBXProject "GenesisCompositionalLayoutTemplate" */ = {
			isa = XCConfigurationList;
			buildConfigurations = (
				E992078C2997A107001168C7 /* Debug */,
				E992078D2997A107001168C7 /* Release */,
			);
			defaultConfigurationIsVisible = 0;
			defaultConfigurationName = Release;
		};
		E992078E2997A107001168C7 /* Build configuration list for PBXNativeTarget "GenesisCompositionalLayoutTemplate" */ = {
			isa = XCConfigurationList;
			buildConfigurations = (
				E992078F2997A107001168C7 /* Debug */,
				E99207902997A107001168C7 /* Release */,
			);
			defaultConfigurationIsVisible = 0;
			defaultConfigurationName = Release;
		};
		E99207A92997A15F001168C7 /* Build configuration list for PBXNativeTarget "GenesisCompositionalLayoutTemplateTests" */ = {
			isa = XCConfigurationList;
			buildConfigurations = (
				E99207AA2997A15F001168C7 /* Debug */,
				E99207AB2997A15F001168C7 /* Release */,
			);
			defaultConfigurationIsVisible = 0;
			defaultConfigurationName = Release;
		};
/* End XCConfigurationList section */

/* Begin XCRemoteSwiftPackageReference section */
		E99207D62997A20D001168C7 /* XCRemoteSwiftPackageReference "CompositionalLayoutViewController" */ = {
			isa = XCRemoteSwiftPackageReference;
			repositoryURL = "https://github.com/oneinc-jp/CompositionalLayoutViewController";
			requirement = {
				kind = upToNextMajorVersion;
				minimumVersion = 0.5.5;
			};
		};
		E99207D92997A223001168C7 /* XCRemoteSwiftPackageReference "CompositionalLayoutViewControllerExtension" */ = {
			isa = XCRemoteSwiftPackageReference;
			repositoryURL = "https://github.com/0x0c/CompositionalLayoutViewControllerExtension";
			requirement = {
				branch = main;
				kind = branch;
			};
		};
/* End XCRemoteSwiftPackageReference section */

/* Begin XCSwiftPackageProductDependency section */
		E99207D72997A20D001168C7 /* CompositionalLayoutViewController */ = {
			isa = XCSwiftPackageProductDependency;
			package = E99207D62997A20D001168C7 /* XCRemoteSwiftPackageReference "CompositionalLayoutViewController" */;
			productName = CompositionalLayoutViewController;
		};
		E99207DA2997A223001168C7 /* CompositionalLayoutViewControllerExtension */ = {
			isa = XCSwiftPackageProductDependency;
			package = E99207D92997A223001168C7 /* XCRemoteSwiftPackageReference "CompositionalLayoutViewControllerExtension" */;
			productName = CompositionalLayoutViewControllerExtension;
		};
/* End XCSwiftPackageProductDependency section */
	};
	rootObject = E99207722997A106001168C7 /* Project object */;
}
